{
    "github.com/aws/aws-sdk-go/aws": "999b1591218c36d5050d1ba7266eba956e65965f",
    "github.com/aws/aws-sdk-go/private/endpoints": "999b1591218c36d5050d1ba7266eba956e65965f",
    "github.com/aws/aws-sdk-go/private/protocol/ec2query": "999b1591218c36d5050d1ba7266eba956e65965f",
    "github.com/aws/aws-sdk-go/private/protocol/query": "999b1591218c36d5050d1ba7266eba956e65965f",
    "github.com/aws/aws-sdk-go/private/protocol/rest": "999b1591218c36d5050d1ba7266eba956e65965f",
    "github.com/aws/aws-sdk-go/private/protocol/xml/xmlutil": "999b1591218c36d5050d1ba7266eba956e65965f",
    "github.com/aws/aws-sdk-go/private/signer/v4": "999b1591218c36d5050d1ba7266eba956e65965f",
    "github.com/aws/aws-sdk-go/service/ec2": "999b1591218c36d5050d1ba7266eba956e65965f",
    "github.com/aws/aws-sdk-go/service/elb": "999b1591218c36d5050d1ba7266eba956e65965f",
    "github.com/biogo/store/interval": "3b4c041f52c224ee4a44f5c8b150d003a40643a0",
    "github.com/biogo/store/llrb": "3b4c041f52c224ee4a44f5c8b150d003a40643a0",
    "github.com/cockroachdb/cockroach/roachpb": "3bb7a522d1937672c430a2b970890bac202bc418",
    "github.com/cockroachdb/cockroach/util": "3bb7a522d1937672c430a2b970890bac202bc418",
    "github.com/cpuguy83/go-md2man/md2man": "71acacd42f85e5e82f70a55327789582a5200a90",
    "github.com/dkulchenko/bunch": "c0240e4094c8a7746589b0065737d61825b4e29c",
    "github.com/ghemawat/stream": "9adabcb0883a14e5a6619d13e60892e2c6417a4e",
    "github.com/gogo/protobuf/proto": "e492fd34b12d0230755c45aa5fb1e1eea6a84aa9",
    "github.com/golang/lint/golint": "32a87160691b3c96046c0c678fe57c5bef761456",
    "github.com/inconshreveable/mousetrap": "76626ae9c91c4f2a10f34cad8ce83ea42c93bb75",
    "github.com/kisielk/errcheck": "12fd1ab9811e54c55207f3e83134ff59829fbf21",
    "github.com/kolo/xmlrpc": "0826b98aaa29c0766956cb40d45cf7482a597671",
    "github.com/russross/blackfriday": "3c4a488adacb62604e7e4a16764d7480aa995773",
    "github.com/shurcooL/sanitized_anchor_name": "10ef21a441db47d8b13ebcc5fd2310f636973c77",
    "github.com/spf13/cobra": "ee6224d01f6a83f543ae90f881b703cf195782ba",
    "github.com/spf13/pflag": "08b1a584251b5b62f458943640fc8ebd4d50aaa5",
    "github.com/vaughan0/go-ini": "a98ad7ee00ec53921f08832bc06ecf7fd600e6a1",
    "golang.org/x/net/context": "d75b1902409c457a51e4bd1895031872c370983a",
    "golang.org/x/oauth2": "2baa8a1b9338cf13d9eeb27696d761155fa480be",
    "golang.org/x/tools/cmd/goimports": "c0008c5889c0d5091cdfefd2bfb08bff96527879",
    "google.golang.org/api/compute/v1": "80b32e23dd3e75da09373e0566232a3fe91ec43e",
    "google.golang.org/api/googleapi": "80b32e23dd3e75da09373e0566232a3fe91ec43e",
    "google.golang.org/api/resourceviews/v1beta2": "80b32e23dd3e75da09373e0566232a3fe91ec43e",
    "gopkg.in/yaml.v1": "9f9df34309c04878acc86042b16630b0f696e1de"
}
