{
    "github.com/aws/aws-sdk-go/aws": "99e1b7ffaa0cea584f0cb8c60eef52fdfe25555b",
    "github.com/aws/aws-sdk-go/private/endpoints": "99e1b7ffaa0cea584f0cb8c60eef52fdfe25555b",
    "github.com/aws/aws-sdk-go/private/protocol/ec2query": "99e1b7ffaa0cea584f0cb8c60eef52fdfe25555b",
    "github.com/aws/aws-sdk-go/private/protocol/query": "99e1b7ffaa0cea584f0cb8c60eef52fdfe25555b",
    "github.com/aws/aws-sdk-go/private/protocol/rest": "99e1b7ffaa0cea584f0cb8c60eef52fdfe25555b",
    "github.com/aws/aws-sdk-go/private/protocol/xml/xmlutil": "99e1b7ffaa0cea584f0cb8c60eef52fdfe25555b",
    "github.com/aws/aws-sdk-go/private/signer/v4": "99e1b7ffaa0cea584f0cb8c60eef52fdfe25555b",
    "github.com/aws/aws-sdk-go/service/ec2": "99e1b7ffaa0cea584f0cb8c60eef52fdfe25555b",
    "github.com/aws/aws-sdk-go/service/elb": "99e1b7ffaa0cea584f0cb8c60eef52fdfe25555b",
    "github.com/biogo/store/interval": "3b4c041f52c224ee4a44f5c8b150d003a40643a0",
    "github.com/biogo/store/llrb": "3b4c041f52c224ee4a44f5c8b150d003a40643a0",
    "github.com/cockroachdb/cockroach/roachpb": "a694668f87e56c72f9a0b51486d22d89e8bf0930",
    "github.com/cockroachdb/cockroach/util": "a694668f87e56c72f9a0b51486d22d89e8bf0930",
    "github.com/cpuguy83/go-md2man/md2man": "71acacd42f85e5e82f70a55327789582a5200a90",
    "github.com/dkulchenko/bunch": "c0240e4094c8a7746589b0065737d61825b4e29c",
    "github.com/ghemawat/stream": "9adabcb0883a14e5a6619d13e60892e2c6417a4e",
    "github.com/gogo/protobuf/proto": "04145330265d088c218da8916c50eab3814c76a0",
    "github.com/golang/lint/golint": "32a87160691b3c96046c0c678fe57c5bef761456",
    "github.com/inconshreveable/mousetrap": "76626ae9c91c4f2a10f34cad8ce83ea42c93bb75",
    "github.com/kisielk/errcheck": "12fd1ab9811e54c55207f3e83134ff59829fbf21",
    "github.com/russross/blackfriday": "660c9fd283952bff5f651d5b598de779fc9e1bfc",
    "github.com/shurcooL/sanitized_anchor_name": "10ef21a441db47d8b13ebcc5fd2310f636973c77",
    "github.com/spf13/cobra": "a082ce41f3c84f2deeab1aeab3eea29105b038a0",
    "github.com/spf13/pflag": "08b1a584251b5b62f458943640fc8ebd4d50aaa5",
    "github.com/vaughan0/go-ini": "a98ad7ee00ec53921f08832bc06ecf7fd600e6a1",
    "golang.org/x/net/context": "b4e17d61b15679caf2335da776c614169a1b4643",
    "golang.org/x/oauth2": "038cb4adce85ed41e285c2e7cc6221a92bfa44aa",
    "golang.org/x/tools/cmd/goimports": "823804e1ae08dbb14eb807afc7db9993bc9e3cc3",
    "google.golang.org/api/compute/v1": "c83ee8e9b7e6c40a486c0992a963ea8b6911de67",
    "google.golang.org/api/googleapi": "c83ee8e9b7e6c40a486c0992a963ea8b6911de67",
    "google.golang.org/api/resourceviews/v1beta2": "c83ee8e9b7e6c40a486c0992a963ea8b6911de67",
    "gopkg.in/yaml.v1": "9f9df34309c04878acc86042b16630b0f696e1de"
}
